// !$*UTF8*$!
{
	archiveVersion = 1;
	classes = {
	};
	objectVersion = 77;
	objects = {

/* Begin PBXBuildFile section */
		CB7AF1122E09659B0068689A /* LocationDetailsView.swift in Sources */ = {isa = PBXBuildFile; fileRef = CB7AF1112E09659B0068689A /* LocationDetailsView.swift */; };
		CB7B57AE2E04139A002A25D9 /* ContentView.swift in Sources */ = {isa = PBXBuildFile; fileRef = CB7B57AB2E04139A002A25D9 /* ContentView.swift */; };
		CB7B57AF2E04139A002A25D9 /* MapAppWithSwiftUIApp.swift in Sources */ = {isa = PBXBuildFile; fileRef = CB7B57AC2E04139A002A25D9 /* MapAppWithSwiftUIApp.swift */; };
		CB7B57B02E04139A002A25D9 /* Preview Assets.xcassets in Resources */ = {isa = PBXBuildFile; fileRef = CB7B57A82E04139A002A25D9 /* Preview Assets.xcassets */; };
		CB7B57B12E04139A002A25D9 /* Assets.xcassets in Resources */ = {isa = PBXBuildFile; fileRef = CB7B57AA2E04139A002A25D9 /* Assets.xcassets */; };
		CB7B57B62E041490002A25D9 /* LocationModel.swift in Sources */ = {isa = PBXBuildFile; fileRef = CB7B57B52E041490002A25D9 /* LocationModel.swift */; };
		CB7B57B92E041543002A25D9 /* LocationsDataService.swift in Sources */ = {isa = PBXBuildFile; fileRef = CB7B57B82E041543002A25D9 /* LocationsDataService.swift */; };
		CB7B57BB2E041A94002A25D9 /* LocationView.swift in Sources */ = {isa = PBXBuildFile; fileRef = CB7B57BA2E041A94002A25D9 /* LocationView.swift */; };
		CB7B57BD2E041C18002A25D9 /* LocationViewModel.swift in Sources */ = {isa = PBXBuildFile; fileRef = CB7B57BC2E041C18002A25D9 /* LocationViewModel.swift */; };
		CB7B57BF2E042948002A25D9 /* LocationListView.swift in Sources */ = {isa = PBXBuildFile; fileRef = CB7B57BE2E042948002A25D9 /* LocationListView.swift */; };
		CBA1A0D52E0567F50001DFDD /* LocationPreviewView.swift in Sources */ = {isa = PBXBuildFile; fileRef = CBA1A0D42E0567F50001DFDD /* LocationPreviewView.swift */; };
		CBA1A0D72E0577860001DFDD /* LocationMapAnnotationView.swift in Sources */ = {isa = PBXBuildFile; fileRef = CBA1A0D62E0577860001DFDD /* LocationMapAnnotationView.swift */; };
/* End PBXBuildFile section */

/* Begin PBXFileReference section */
		CB7AF1112E09659B0068689A /* LocationDetailsView.swift */ = {isa = PBXFileReference; lastKnownFileType = sourcecode.swift; path = LocationDetailsView.swift; sourceTree = "<group>"; };
		CB7B57952E041070002A25D9 /* MapAppWithSwiftUI.app */ = {isa = PBXFileReference; explicitFileType = wrapper.application; includeInIndex = 0; path = MapAppWithSwiftUI.app; sourceTree = BUILT_PRODUCTS_DIR; };
		CB7B57A82E04139A002A25D9 /* Preview Assets.xcassets */ = {isa = PBXFileReference; lastKnownFileType = folder.assetcatalog; path = "Preview Assets.xcassets"; sourceTree = "<group>"; };
		CB7B57AA2E04139A002A25D9 /* Assets.xcassets */ = {isa = PBXFileReference; lastKnownFileType = folder.assetcatalog; path = Assets.xcassets; sourceTree = "<group>"; };
		CB7B57AB2E04139A002A25D9 /* ContentView.swift */ = {isa = PBXFileReference; lastKnownFileType = sourcecode.swift; path = ContentView.swift; sourceTree = "<group>"; };
		CB7B57AC2E04139A002A25D9 /* MapAppWithSwiftUIApp.swift */ = {isa = PBXFileReference; lastKnownFileType = sourcecode.swift; path = MapAppWithSwiftUIApp.swift; sourceTree = "<group>"; };
		CB7B57B52E041490002A25D9 /* LocationModel.swift */ = {isa = PBXFileReference; lastKnownFileType = sourcecode.swift; path = LocationModel.swift; sourceTree = "<group>"; };
		CB7B57B82E041543002A25D9 /* LocationsDataService.swift */ = {isa = PBXFileReference; lastKnownFileType = sourcecode.swift; path = LocationsDataService.swift; sourceTree = "<group>"; };
		CB7B57BA2E041A94002A25D9 /* LocationView.swift */ = {isa = PBXFileReference; lastKnownFileType = sourcecode.swift; path = LocationView.swift; sourceTree = "<group>"; };
		CB7B57BC2E041C18002A25D9 /* LocationViewModel.swift */ = {isa = PBXFileReference; lastKnownFileType = sourcecode.swift; path = LocationViewModel.swift; sourceTree = "<group>"; };
		CB7B57BE2E042948002A25D9 /* LocationListView.swift */ = {isa = PBXFileReference; lastKnownFileType = sourcecode.swift; path = LocationListView.swift; sourceTree = "<group>"; };
		CB7B91652E0BCA7800F5F680 /* Info.plist */ = {isa = PBXFileReference; lastKnownFileType = text.plist; path = Info.plist; sourceTree = "<group>"; };
		CBA1A0D42E0567F50001DFDD /* LocationPreviewView.swift */ = {isa = PBXFileReference; lastKnownFileType = sourcecode.swift; path = LocationPreviewView.swift; sourceTree = "<group>"; };
		CBA1A0D62E0577860001DFDD /* LocationMapAnnotationView.swift */ = {isa = PBXFileReference; lastKnownFileType = sourcecode.swift; path = LocationMapAnnotationView.swift; sourceTree = "<group>"; };
/* End PBXFileReference section */

/* Begin PBXFrameworksBuildPhase section */
		CB7B57922E041070002A25D9 /* Frameworks */ = {
			isa = PBXFrameworksBuildPhase;
			buildActionMask = 2147483647;
			files = (
			);
			runOnlyForDeploymentPostprocessing = 0;
		};
/* End PBXFrameworksBuildPhase section */

/* Begin PBXGroup section */
		CB7B578C2E041070002A25D9 = {
			isa = PBXGroup;
			children = (
				CB7B57AD2E04139A002A25D9 /* MapAppWithSwiftUI */,
				CB7B57962E041070002A25D9 /* Products */,
			);
			sourceTree = "<group>";
		};
		CB7B57962E041070002A25D9 /* Products */ = {
			isa = PBXGroup;
			children = (
				CB7B57952E041070002A25D9 /* MapAppWithSwiftUI.app */,
			);
			name = Products;
			sourceTree = "<group>";
		};
		CB7B57A92E04139A002A25D9 /* Preview Content */ = {
			isa = PBXGroup;
			children = (
				CB7B57A82E04139A002A25D9 /* Preview Assets.xcassets */,
			);
			path = "Preview Content";
			sourceTree = "<group>";
		};
		CB7B57AD2E04139A002A25D9 /* MapAppWithSwiftUI */ = {
			isa = PBXGroup;
			children = (
				CB7B91652E0BCA7800F5F680 /* Info.plist */,
				CB7B57B72E041529002A25D9 /* DataServices */,
				CB7B57B22E04139E002A25D9 /* Views */,
				CB7B57B32E0413A7002A25D9 /* ViewModels */,
				CB7B57B42E0413B3002A25D9 /* Models */,
				CB7B57AA2E04139A002A25D9 /* Assets.xcassets */,
				CB7B57A92E04139A002A25D9 /* Preview Content */,
				CB7B57AB2E04139A002A25D9 /* ContentView.swift */,
				CB7B57AC2E04139A002A25D9 /* MapAppWithSwiftUIApp.swift */,
			);
			path = MapAppWithSwiftUI;
			sourceTree = "<group>";
		};
		CB7B57B22E04139E002A25D9 /* Views */ = {
			isa = PBXGroup;
			children = (
				CB7B57BA2E041A94002A25D9 /* LocationView.swift */,
				CB7AF1112E09659B0068689A /* LocationDetailsView.swift */,
				CB7B57BE2E042948002A25D9 /* LocationListView.swift */,
				CBA1A0D42E0567F50001DFDD /* LocationPreviewView.swift */,
				CBA1A0D62E0577860001DFDD /* LocationMapAnnotationView.swift */,
			);
			path = Views;
			sourceTree = "<group>";
		};
		CB7B57B32E0413A7002A25D9 /* ViewModels */ = {
			isa = PBXGroup;
			children = (
				CB7B57BC2E041C18002A25D9 /* LocationViewModel.swift */,
			);
			path = ViewModels;
			sourceTree = "<group>";
		};
		CB7B57B42E0413B3002A25D9 /* Models */ = {
			isa = PBXGroup;
			children = (
				CB7B57B52E041490002A25D9 /* LocationModel.swift */,
			);
			path = Models;
			sourceTree = "<group>";
		};
		CB7B57B72E041529002A25D9 /* DataServices */ = {
			isa = PBXGroup;
			children = (
				CB7B57B82E041543002A25D9 /* LocationsDataService.swift */,
			);
			path = DataServices;
			sourceTree = "<group>";
		};
/* End PBXGroup section */

/* Begin PBXNativeTarget section */
		CB7B57942E041070002A25D9 /* MapAppWithSwiftUI */ = {
			isa = PBXNativeTarget;
			buildConfigurationList = CB7B57A32E041072002A25D9 /* Build configuration list for PBXNativeTarget "MapAppWithSwiftUI" */;
			buildPhases = (
				CB7B57912E041070002A25D9 /* Sources */,
				CB7B57922E041070002A25D9 /* Frameworks */,
				CB7B57932E041070002A25D9 /* Resources */,
			);
			buildRules = (
			);
			dependencies = (
			);
			name = MapAppWithSwiftUI;
			packageProductDependencies = (
			);
			productName = MapAppWithSwiftUI;
			productReference = CB7B57952E041070002A25D9 /* MapAppWithSwiftUI.app */;
			productType = "com.apple.product-type.application";
		};
/* End PBXNativeTarget section */

/* Begin PBXProject section */
		CB7B578D2E041070002A25D9 /* Project object */ = {
			isa = PBXProject;
			attributes = {
				BuildIndependentTargetsInParallel = 1;
				LastSwiftUpdateCheck = 1620;
				LastUpgradeCheck = 1620;
				TargetAttributes = {
					CB7B57942E041070002A25D9 = {
						CreatedOnToolsVersion = 16.2;
					};
				};
			};
			buildConfigurationList = CB7B57902E041070002A25D9 /* Build configuration list for PBXProject "MapAppWithSwiftUI" */;
			developmentRegion = en;
			hasScannedForEncodings = 0;
			knownRegions = (
				en,
				Base,
			);
			mainGroup = CB7B578C2E041070002A25D9;
			minimizedProjectReferenceProxies = 1;
			preferredProjectObjectVersion = 77;
			productRefGroup = CB7B57962E041070002A25D9 /* Products */;
			projectDirPath = "";
			projectRoot = "";
			targets = (
				CB7B57942E041070002A25D9 /* MapAppWithSwiftUI */,
			);
		};
/* End PBXProject section */

/* Begin PBXResourcesBuildPhase section */
		CB7B57932E041070002A25D9 /* Resources */ = {
			isa = PBXResourcesBuildPhase;
			buildActionMask = 2147483647;
			files = (
				CB7B57B02E04139A002A25D9 /* Preview Assets.xcassets in Resources */,
				CB7B57B12E04139A002A25D9 /* Assets.xcassets in Resources */,
			);
			runOnlyForDeploymentPostprocessing = 0;
		};
/* End PBXResourcesBuildPhase section */

/* Begin PBXSourcesBuildPhase section */
		CB7B57912E041070002A25D9 /* Sources */ = {
			isa = PBXSourcesBuildPhase;
			buildActionMask = 2147483647;
			files = (
				CB7AF1122E09659B0068689A /* LocationDetailsView.swift in Sources */,
				CB7B57B92E041543002A25D9 /* LocationsDataService.swift in Sources */,
				CBA1A0D72E0577860001DFDD /* LocationMapAnnotationView.swift in Sources */,
				CB7B57BD2E041C18002A25D9 /* LocationViewModel.swift in Sources */,
				CBA1A0D52E0567F50001DFDD /* LocationPreviewView.swift in Sources */,
				CB7B57AE2E04139A002A25D9 /* ContentView.swift in Sources */,
				CB7B57BB2E041A94002A25D9 /* LocationView.swift in Sources */,
				CB7B57BF2E042948002A25D9 /* LocationListView.swift in Sources */,
				CB7B57B62E041490002A25D9 /* LocationModel.swift in Sources */,
				CB7B57AF2E04139A002A25D9 /* MapAppWithSwiftUIApp.swift in Sources */,
			);
			runOnlyForDeploymentPostprocessing = 0;
		};
/* End PBXSourcesBuildPhase section */

/* Begin XCBuildConfiguration section */
		CB7B57A12E041072002A25D9 /* Debug */ = {
			isa = XCBuildConfiguration;
			buildSettings = {
				ALWAYS_SEARCH_USER_PATHS = NO;
				ASSETCATALOG_COMPILER_GENERATE_SWIFT_ASSET_SYMBOL_EXTENSIONS = YES;
				CLANG_ANALYZER_NONNULL = YES;
				CLANG_ANALYZER_NUMBER_OBJECT_CONVERSION = YES_AGGRESSIVE;
				CLANG_CXX_LANGUAGE_STANDARD = "gnu++20";
				CLANG_ENABLE_MODULES = YES;
				CLANG_ENABLE_OBJC_ARC = YES;
				CLANG_ENABLE_OBJC_WEAK = YES;
				CLANG_WARN_BLOCK_CAPTURE_AUTORELEASING = YES;
				CLANG_WARN_BOOL_CONVERSION = YES;
				CLANG_WARN_COMMA = YES;
				CLANG_WARN_CONSTANT_CONVERSION = YES;
				CLANG_WARN_DEPRECATED_OBJC_IMPLEMENTATIONS = YES;
				CLANG_WARN_DIRECT_OBJC_ISA_USAGE = YES_ERROR;
				CLANG_WARN_DOCUMENTATION_COMMENTS = YES;
				CLANG_WARN_EMPTY_BODY = YES;
				CLANG_WARN_ENUM_CONVERSION = YES;
				CLANG_WARN_INFINITE_RECURSION = YES;
				CLANG_WARN_INT_CONVERSION = YES;
				CLANG_WARN_NON_LITERAL_NULL_CONVERSION = YES;
				CLANG_WARN_OBJC_IMPLICIT_RETAIN_SELF = YES;
				CLANG_WARN_OBJC_LITERAL_CONVERSION = YES;
				CLANG_WARN_OBJC_ROOT_CLASS = YES_ERROR;
				CLANG_WARN_QUOTED_INCLUDE_IN_FRAMEWORK_HEADER = YES;
				CLANG_WARN_RANGE_LOOP_ANALYSIS = YES;
				CLANG_WARN_STRICT_PROTOTYPES = YES;
				CLANG_WARN_SUSPICIOUS_MOVE = YES;
				CLANG_WARN_UNGUARDED_AVAILABILITY = YES_AGGRESSIVE;
				CLANG_WARN_UNREACHABLE_CODE = YES;
				CLANG_WARN__DUPLICATE_METHOD_MATCH = YES;
				COPY_PHASE_STRIP = NO;
				DEBUG_INFORMATION_FORMAT = dwarf;
				ENABLE_STRICT_OBJC_MSGSEND = YES;
				ENABLE_TESTABILITY = YES;
				ENABLE_USER_SCRIPT_SANDBOXING = YES;
				GCC_C_LANGUAGE_STANDARD = gnu17;
				GCC_DYNAMIC_NO_PIC = NO;
				GCC_NO_COMMON_BLOCKS = YES;
				GCC_OPTIMIZATION_LEVEL = 0;
				GCC_PREPROCESSOR_DEFINITIONS = (
					"DEBUG=1",
					"$(inherited)",
				);
				GCC_WARN_64_TO_32_BIT_CONVERSION = YES;
				GCC_WARN_ABOUT_RETURN_TYPE = YES_ERROR;
				GCC_WARN_UNDECLARED_SELECTOR = YES;
				GCC_WARN_UNINITIALIZED_AUTOS = YES_AGGRESSIVE;
				GCC_WARN_UNUSED_FUNCTION = YES;
				GCC_WARN_UNUSED_VARIABLE = YES;
				IPHONEOS_DEPLOYMENT_TARGET = 18.2;
				LOCALIZATION_PREFERS_STRING_CATALOGS = YES;
				MTL_ENABLE_DEBUG_INFO = INCLUDE_SOURCE;
				MTL_FAST_MATH = YES;
				ONLY_ACTIVE_ARCH = YES;
				SDKROOT = iphoneos;
				SWIFT_ACTIVE_COMPILATION_CONDITIONS = "DEBUG $(inherited)";
				SWIFT_OPTIMIZATION_LEVEL = "-Onone";
			};
			name = Debug;
		};
		CB7B57A22E041072002A25D9 /* Release */ = {
			isa = XCBuildConfiguration;
			buildSettings = {
				ALWAYS_SEARCH_USER_PATHS = NO;
				ASSETCATALOG_COMPILER_GENERATE_SWIFT_ASSET_SYMBOL_EXTENSIONS = YES;
				CLANG_ANALYZER_NONNULL = YES;
				CLANG_ANALYZER_NUMBER_OBJECT_CONVERSION = YES_AGGRESSIVE;
				CLANG_CXX_LANGUAGE_STANDARD = "gnu++20";
				CLANG_ENABLE_MODULES = YES;
				CLANG_ENABLE_OBJC_ARC = YES;
				CLANG_ENABLE_OBJC_WEAK = YES;
				CLANG_WARN_BLOCK_CAPTURE_AUTORELEASING = YES;
				CLANG_WARN_BOOL_CONVERSION = YES;
				CLANG_WARN_COMMA = YES;
				CLANG_WARN_CONSTANT_CONVERSION = YES;
				CLANG_WARN_DEPRECATED_OBJC_IMPLEMENTATIONS = YES;
				CLANG_WARN_DIRECT_OBJC_ISA_USAGE = YES_ERROR;
				CLANG_WARN_DOCUMENTATION_COMMENTS = YES;
				CLANG_WARN_EMPTY_BODY = YES;
				CLANG_WARN_ENUM_CONVERSION = YES;
				CLANG_WARN_INFINITE_RECURSION = YES;
				CLANG_WARN_INT_CONVERSION = YES;
				CLANG_WARN_NON_LITERAL_NULL_CONVERSION = YES;
				CLANG_WARN_OBJC_IMPLICIT_RETAIN_SELF = YES;
				CLANG_WARN_OBJC_LITERAL_CONVERSION = YES;
				CLANG_WARN_OBJC_ROOT_CLASS = YES_ERROR;
				CLANG_WARN_QUOTED_INCLUDE_IN_FRAMEWORK_HEADER = YES;
				CLANG_WARN_RANGE_LOOP_ANALYSIS = YES;
				CLANG_WARN_STRICT_PROTOTYPES = YES;
				CLANG_WARN_SUSPICIOUS_MOVE = YES;
				CLANG_WARN_UNGUARDED_AVAILABILITY = YES_AGGRESSIVE;
				CLANG_WARN_UNREACHABLE_CODE = YES;
				CLANG_WARN__DUPLICATE_METHOD_MATCH = YES;
				COPY_PHASE_STRIP = NO;
				DEBUG_INFORMATION_FORMAT = "dwarf-with-dsym";
				ENABLE_NS_ASSERTIONS = NO;
				ENABLE_STRICT_OBJC_MSGSEND = YES;
				ENABLE_USER_SCRIPT_SANDBOXING = YES;
				GCC_C_LANGUAGE_STANDARD = gnu17;
				GCC_NO_COMMON_BLOCKS = YES;
				GCC_WARN_64_TO_32_BIT_CONVERSION = YES;
				GCC_WARN_ABOUT_RETURN_TYPE = YES_ERROR;
				GCC_WARN_UNDECLARED_SELECTOR = YES;
				GCC_WARN_UNINITIALIZED_AUTOS = YES_AGGRESSIVE;
				GCC_WARN_UNUSED_FUNCTION = YES;
				GCC_WARN_UNUSED_VARIABLE = YES;
				IPHONEOS_DEPLOYMENT_TARGET = 18.2;
				LOCALIZATION_PREFERS_STRING_CATALOGS = YES;
				MTL_ENABLE_DEBUG_INFO = NO;
				MTL_FAST_MATH = YES;
				SDKROOT = iphoneos;
				SWIFT_COMPILATION_MODE = wholemodule;
				VALIDATE_PRODUCT = YES;
			};
			name = Release;
		};
		CB7B57A42E041072002A25D9 /* Debug */ = {
			isa = XCBuildConfiguration;
			buildSettings = {
				ASSETCATALOG_COMPILER_APPICON_NAME = AppIcon;
				ASSETCATALOG_COMPILER_GLOBAL_ACCENT_COLOR_NAME = AccentColor;
				CODE_SIGN_STYLE = Automatic;
				CURRENT_PROJECT_VERSION = 1;
				DEVELOPMENT_ASSET_PATHS = "\"MapAppWithSwiftUI/Preview Content\"";
				ENABLE_PREVIEWS = YES;
				GENERATE_INFOPLIST_FILE = YES;
				INFOPLIST_FILE = MapAppWithSwiftUI/Info.plist;
				INFOPLIST_KEY_UIApplicationSceneManifest_Generation = YES;
				INFOPLIST_KEY_UIApplicationSupportsIndirectInputEvents = YES;
				INFOPLIST_KEY_UISupportedInterfaceOrientations_iPad = "UIInterfaceOrientationPortrait UIInterfaceOrientationPortraitUpsideDown UIInterfaceOrientationLandscapeLeft UIInterfaceOrientationLandscapeRight";
				INFOPLIST_KEY_UISupportedInterfaceOrientations_iPhone = UIInterfaceOrientationPortrait;
				LD_RUNPATH_SEARCH_PATHS = (
					"$(inherited)",
					"@executable_path/Frameworks",
				);
				MARKETING_VERSION = 1.0;
				PRODUCT_BUNDLE_IDENTIFIER = shariq.MapAppWithSwiftUI;
				PRODUCT_NAME = "$(TARGET_NAME)";
				SWIFT_EMIT_LOC_STRINGS = YES;
				SWIFT_VERSION = 5.0;
				TARGETED_DEVICE_FAMILY = "1,2";
			};
			name = Debug;
		};
		CB7B57A52E041072002A25D9 /* Release */ = {
			isa = XCBuildConfiguration;
			buildSettings = {
				ASSETCATALOG_COMPILER_APPICON_NAME = AppIcon;
				ASSETCATALOG_COMPILER_GLOBAL_ACCENT_COLOR_NAME = AccentColor;
				CODE_SIGN_STYLE = Automatic;
				CURRENT_PROJECT_VERSION = 1;
				DEVELOPMENT_ASSET_PATHS = "\"MapAppWithSwiftUI/Preview Content\"";
				ENABLE_PREVIEWS = YES;
				GENERATE_INFOPLIST_FILE = YES;
				INFOPLIST_FILE = MapAppWithSwiftUI/Info.plist;
				INFOPLIST_KEY_UIApplicationSceneManifest_Generation = YES;
				INFOPLIST_KEY_UIApplicationSupportsIndirectInputEvents = YES;
				INFOPLIST_KEY_UISupportedInterfaceOrientations_iPad = "UIInterfaceOrientationPortrait UIInterfaceOrientationPortraitUpsideDown UIInterfaceOrientationLandscapeLeft UIInterfaceOrientationLandscapeRight";
				INFOPLIST_KEY_UISupportedInterfaceOrientations_iPhone = UIInterfaceOrientationPortrait;
				LD_RUNPATH_SEARCH_PATHS = (
					"$(inherited)",
					"@executable_path/Frameworks",
				);
				MARKETING_VERSION = 1.0;
				PRODUCT_BUNDLE_IDENTIFIER = shariq.MapAppWithSwiftUI;
				PRODUCT_NAME = "$(TARGET_NAME)";
				SWIFT_EMIT_LOC_STRINGS = YES;
				SWIFT_VERSION = 5.0;
				TARGETED_DEVICE_FAMILY = "1,2";
			};
			name = Release;
		};
/* End XCBuildConfiguration section */

/* Begin XCConfigurationList section */
		CB7B57902E041070002A25D9 /* Build configuration list for PBXProject "MapAppWithSwiftUI" */ = {
			isa = XCConfigurationList;
			buildConfigurations = (
				CB7B57A12E041072002A25D9 /* Debug */,
				CB7B57A22E041072002A25D9 /* Release */,
			);
			defaultConfigurationIsVisible = 0;
			defaultConfigurationName = Release;
		};
		CB7B57A32E041072002A25D9 /* Build configuration list for PBXNativeTarget "MapAppWithSwiftUI" */ = {
			isa = XCConfigurationList;
			buildConfigurations = (
				CB7B57A42E041072002A25D9 /* Debug */,
				CB7B57A52E041072002A25D9 /* Release */,
			);
			defaultConfigurationIsVisible = 0;
			defaultConfigurationName = Release;
		};
/* End XCConfigurationList section */
	};
	rootObject = CB7B578D2E041070002A25D9 /* Project object */;
}
